
Microsoft Visual Studio Solution File, Format Version 12.00
# Visual Studio Version 17
VisualStudioVersion = 17.13.35919.96 d17.13
MinimumVisualStudioVersion = 10.0.40219.1
Project("{FAE04EC0-301F-11D3-BF4B-00C04F79EFBC}") = "MinutesToSecond", "MinutesToSecond\MinutesToSecond.csproj", "{ECCAC48D-F9A0-44E5-840C-1BE11BDC21CD}"
EndProject
Global
	GlobalSection(SolutionConfigurationPlatforms) = preSolution
		Debug|Any CPU = Debug|Any CPU
		Release|Any CPU = Release|Any CPU
	EndGlobalSection
	GlobalSection(ProjectConfigurationPlatforms) = postSolution
		{ECCAC48D-F9A0-44E5-840C-1BE11BDC21CD}.Debug|Any CPU.ActiveCfg = Debug|Any CPU
		{ECCAC48D-F9A0-44E5-840C-1BE11BDC21CD}.Debug|Any CPU.Build.0 = Debug|Any CPU
		{ECCAC48D-F9A0-44E5-840C-1BE11BDC21CD}.Release|Any CPU.ActiveCfg = Release|Any CPU
		{ECCAC48D-F9A0-44E5-840C-1BE11BDC21CD}.Release|Any CPU.Build.0 = Release|Any CPU
	EndGlobalSection
	GlobalSection(SolutionProperties) = preSolution
		HideSolutionNode = FALSE
	EndGlobalSection
	GlobalSection(ExtensibilityGlobals) = postSolution
		SolutionGuid = {C14E283E-02C3-4478-9C0C-363D3DB7961C}
	EndGlobalSection
EndGlobal
